
Microsoft Visual Studio Solution File, Format Version 12.00
# Visual Studio Version 16
VisualStudioVersion = 16.0.31229.75
MinimumVisualStudioVersion = 10.0.40219.1
Project("{9A19103F-16F7-4668-BE54-9A1E7A4F7556}") = "ConsoleApp1", "ConsoleApp1.csproj", "{C2A0EA78-50AA-422F-8568-63E821204027}"
EndProject
Project("{FAE04EC0-301F-11D3-BF4B-00C04F79EFBC}") = "SwitchCase", "..\SwitchCase\SwitchCase.csproj", "{957A2F99-9B93-4CE2-AF64-BC09315A089D}"
EndProject
Global
	GlobalSection(SolutionConfigurationPlatforms) = preSolution
		Debug|Any CPU = Debug|Any CPU
		Release|Any CPU = Release|Any CPU
	EndGlobalSection
	GlobalSection(ProjectConfigurationPlatforms) = postSolution
		{C2A0EA78-50AA-422F-8568-63E821204027}.Debug|Any CPU.ActiveCfg = Debug|Any CPU
		{C2A0EA78-50AA-422F-8568-63E821204027}.Debug|Any CPU.Build.0 = Debug|Any CPU
		{C2A0EA78-50AA-422F-8568-63E821204027}.Release|Any CPU.ActiveCfg = Release|Any CPU
		{C2A0EA78-50AA-422F-8568-63E821204027}.Release|Any CPU.Build.0 = Release|Any CPU
		{957A2F99-9B93-4CE2-AF64-BC09315A089D}.Debug|Any CPU.ActiveCfg = Debug|Any CPU
		{957A2F99-9B93-4CE2-AF64-BC09315A089D}.Debug|Any CPU.Build.0 = Debug|Any CPU
		{957A2F99-9B93-4CE2-AF64-BC09315A089D}.Release|Any CPU.ActiveCfg = Release|Any CPU
		{957A2F99-9B93-4CE2-AF64-BC09315A089D}.Release|Any CPU.Build.0 = Release|Any CPU
	EndGlobalSection
	GlobalSection(SolutionProperties) = preSolution
		HideSolutionNode = FALSE
	EndGlobalSection
	GlobalSection(ExtensibilityGlobals) = postSolution
		SolutionGuid = {BDDFF61B-7F0B-4F32-A6F1-F01CBA35BEB6}
	EndGlobalSection
EndGlobal
